
Microsoft Visual Studio Solution File, Format Version 12.00
# Visual Studio Version 16
VisualStudioVersion = 16.0.30907.101
MinimumVisualStudioVersion = 10.0.40219.1
Project("{FAE04EC0-301F-11D3-BF4B-00C04F79EFBC}") = "DapperFinal", "DapperFinal\DapperFinal.csproj", "{75FBB888-60BC-4C05-8AD4-5B66A2CE180A}"
EndProject
Global
	GlobalSection(SolutionConfigurationPlatforms) = preSolution
		Debug|Any CPU = Debug|Any CPU
		Release|Any CPU = Release|Any CPU
	EndGlobalSection
	GlobalSection(ProjectConfigurationPlatforms) = postSolution
		{75FBB888-60BC-4C05-8AD4-5B66A2CE180A}.Debug|Any CPU.ActiveCfg = Debug|Any CPU
		{75FBB888-60BC-4C05-8AD4-5B66A2CE180A}.Debug|Any CPU.Build.0 = Debug|Any CPU
		{75FBB888-60BC-4C05-8AD4-5B66A2CE180A}.Release|Any CPU.ActiveCfg = Release|Any CPU
		{75FBB888-60BC-4C05-8AD4-5B66A2CE180A}.Release|Any CPU.Build.0 = Release|Any CPU
	EndGlobalSection
	GlobalSection(SolutionProperties) = preSolution
		HideSolutionNode = FALSE
	EndGlobalSection
	GlobalSection(ExtensibilityGlobals) = postSolution
		SolutionGuid = {23503AC9-736F-46A8-AF20-6D5E8395C59C}
	EndGlobalSection
EndGlobal
